// !$*UTF8*$!
{
	archiveVersion = 1;
	classes = {
	};
	objectVersion = 46;
	objects = {

/* Begin PBXBuildFile section */
		7FB2B9211CE3EE1300E5CC73 /* AppDelegate.swift in Sources */ = {isa = PBXBuildFile; fileRef = 7FB2B9201CE3EE1300E5CC73 /* AppDelegate.swift */; };
		7FB2B9231CE3EE1400E5CC73 /* ViewController.swift in Sources */ = {isa = PBXBuildFile; fileRef = 7FB2B9221CE3EE1400E5CC73 /* ViewController.swift */; };
		7FB2B9261CE3EE1400E5CC73 /* Main.storyboard in Resources */ = {isa = PBXBuildFile; fileRef = 7FB2B9241CE3EE1400E5CC73 /* Main.storyboard */; };
		7FB2B9281CE3EE1400E5CC73 /* Assets.xcassets in Resources */ = {isa = PBXBuildFile; fileRef = 7FB2B9271CE3EE1400E5CC73 /* Assets.xcassets */; };
		7FB2B92B1CE3EE1400E5CC73 /* LaunchScreen.storyboard in Resources */ = {isa = PBXBuildFile; fileRef = 7FB2B9291CE3EE1400E5CC73 /* LaunchScreen.storyboard */; };
		7FB902861CED276900DAD7C9 /* arrows.jpg in Resources */ = {isa = PBXBuildFile; fileRef = 7FB902851CED276900DAD7C9 /* arrows.jpg */; };
		7FB902881CED292800DAD7C9 /* quotes_list.plist in Resources */ = {isa = PBXBuildFile; fileRef = 7FB902871CED292800DAD7C9 /* quotes_list.plist */; };
		7FB9028C1CED543E00DAD7C9 /* arrow1.jpg in Resources */ = {isa = PBXBuildFile; fileRef = 7FB9028B1CED543E00DAD7C9 /* arrow1.jpg */; };
		7FB9028E1CED55B500DAD7C9 /* arrow2.jpg in Resources */ = {isa = PBXBuildFile; fileRef = 7FB9028D1CED55B500DAD7C9 /* arrow2.jpg */; };
/* End PBXBuildFile section */

/* Begin PBXFileReference section */
		7FB2B91D1CE3EE1300E5CC73 /* WeydaEmily_TodaysQuote.app */ = {isa = PBXFileReference; explicitFileType = wrapper.application; includeInIndex = 0; path = WeydaEmily_TodaysQuote.app; sourceTree = BUILT_PRODUCTS_DIR; };
		7FB2B9201CE3EE1300E5CC73 /* AppDelegate.swift */ = {isa = PBXFileReference; lastKnownFileType = sourcecode.swift; path = AppDelegate.swift; sourceTree = "<group>"; };
		7FB2B9221CE3EE1400E5CC73 /* ViewController.swift */ = {isa = PBXFileReference; lastKnownFileType = sourcecode.swift; path = ViewController.swift; sourceTree = "<group>"; };
		7FB2B9251CE3EE1400E5CC73 /* Base */ = {isa = PBXFileReference; lastKnownFileType = file.storyboard; name = Base; path = Base.lproj/Main.storyboard; sourceTree = "<group>"; };
		7FB2B9271CE3EE1400E5CC73 /* Assets.xcassets */ = {isa = PBXFileReference; lastKnownFileType = folder.assetcatalog; path = Assets.xcassets; sourceTree = "<group>"; };
		7FB2B92A1CE3EE1400E5CC73 /* Base */ = {isa = PBXFileReference; lastKnownFileType = file.storyboard; name = Base; path = Base.lproj/LaunchScreen.storyboard; sourceTree = "<group>"; };
		7FB2B92C1CE3EE1400E5CC73 /* Info.plist */ = {isa = PBXFileReference; lastKnownFileType = text.plist.xml; path = Info.plist; sourceTree = "<group>"; };
		7FB902851CED276900DAD7C9 /* arrows.jpg */ = {isa = PBXFileReference; lastKnownFileType = image.jpeg; path = arrows.jpg; sourceTree = "<group>"; };
		7FB902871CED292800DAD7C9 /* quotes_list.plist */ = {isa = PBXFileReference; fileEncoding = 4; lastKnownFileType = text.plist.xml; path = quotes_list.plist; sourceTree = "<group>"; };
		7FB9028B1CED543E00DAD7C9 /* arrow1.jpg */ = {isa = PBXFileReference; lastKnownFileType = image.jpeg; name = arrow1.jpg; path = ../arrow1.jpg; sourceTree = "<group>"; };
		7FB9028D1CED55B500DAD7C9 /* arrow2.jpg */ = {isa = PBXFileReference; lastKnownFileType = image.jpeg; path = arrow2.jpg; sourceTree = "<group>"; };
/* End PBXFileReference section */

/* Begin PBXFrameworksBuildPhase section */
		7FB2B91A1CE3EE1300E5CC73 /* Frameworks */ = {
			isa = PBXFrameworksBuildPhase;
			buildActionMask = 2147483647;
			files = (
			);
			runOnlyForDeploymentPostprocessing = 0;
		};
/* End PBXFrameworksBuildPhase section */

/* Begin PBXGroup section */
		7FB2B9141CE3EE1300E5CC73 = {
			isa = PBXGroup;
			children = (
				7FB2B91F1CE3EE1300E5CC73 /* WeydaEmily_TodaysQuote */,
				7FB2B91E1CE3EE1300E5CC73 /* Products */,
			);
			sourceTree = "<group>";
		};
		7FB2B91E1CE3EE1300E5CC73 /* Products */ = {
			isa = PBXGroup;
			children = (
				7FB2B91D1CE3EE1300E5CC73 /* WeydaEmily_TodaysQuote.app */,
			);
			name = Products;
			sourceTree = "<group>";
		};
		7FB2B91F1CE3EE1300E5CC73 /* WeydaEmily_TodaysQuote */ = {
			isa = PBXGroup;
			children = (
				7FB2B9201CE3EE1300E5CC73 /* AppDelegate.swift */,
				7FB2B9221CE3EE1400E5CC73 /* ViewController.swift */,
				7FB902871CED292800DAD7C9 /* quotes_list.plist */,
				7FB2B9241CE3EE1400E5CC73 /* Main.storyboard */,
				7FB2B9271CE3EE1400E5CC73 /* Assets.xcassets */,
				7FB9028D1CED55B500DAD7C9 /* arrow2.jpg */,
				7FB902851CED276900DAD7C9 /* arrows.jpg */,
				7FB2B9291CE3EE1400E5CC73 /* LaunchScreen.storyboard */,
				7FB9028B1CED543E00DAD7C9 /* arrow1.jpg */,
				7FB2B92C1CE3EE1400E5CC73 /* Info.plist */,
			);
			path = WeydaEmily_TodaysQuote;
			sourceTree = "<group>";
		};
/* End PBXGroup section */

/* Begin PBXNativeTarget section */
		7FB2B91C1CE3EE1300E5CC73 /* WeydaEmily_TodaysQuote */ = {
			isa = PBXNativeTarget;
			buildConfigurationList = 7FB2B92F1CE3EE1400E5CC73 /* Build configuration list for PBXNativeTarget "WeydaEmily_TodaysQuote" */;
			buildPhases = (
				7FB2B9191CE3EE1300E5CC73 /* Sources */,
				7FB2B91A1CE3EE1300E5CC73 /* Frameworks */,
				7FB2B91B1CE3EE1300E5CC73 /* Resources */,
			);
			buildRules = (
			);
			dependencies = (
			);
			name = WeydaEmily_TodaysQuote;
			productName = WeydaEmily_TodaysQuote;
			productReference = 7FB2B91D1CE3EE1300E5CC73 /* WeydaEmily_TodaysQuote.app */;
			productType = "com.apple.product-type.application";
		};
/* End PBXNativeTarget section */

/* Begin PBXProject section */
		7FB2B9151CE3EE1300E5CC73 /* Project object */ = {
			isa = PBXProject;
			attributes = {
				LastSwiftUpdateCheck = 0730;
				LastUpgradeCheck = 0730;
				ORGANIZATIONNAME = "University of Cincinnati";
				TargetAttributes = {
					7FB2B91C1CE3EE1300E5CC73 = {
						CreatedOnToolsVersion = 7.3.1;
						DevelopmentTeam = 5M8AX8J565;
					};
				};
			};
			buildConfigurationList = 7FB2B9181CE3EE1300E5CC73 /* Build configuration list for PBXProject "WeydaEmily_TodaysQuote" */;
			compatibilityVersion = "Xcode 3.2";
			developmentRegion = English;
			hasScannedForEncodings = 0;
			knownRegions = (
				en,
				Base,
			);
			mainGroup = 7FB2B9141CE3EE1300E5CC73;
			productRefGroup = 7FB2B91E1CE3EE1300E5CC73 /* Products */;
			projectDirPath = "";
			projectRoot = "";
			targets = (
				7FB2B91C1CE3EE1300E5CC73 /* WeydaEmily_TodaysQuote */,
			);
		};
/* End PBXProject section */

/* Begin PBXResourcesBuildPhase section */
		7FB2B91B1CE3EE1300E5CC73 /* Resources */ = {
			isa = PBXResourcesBuildPhase;
			buildActionMask = 2147483647;
			files = (
				7FB902881CED292800DAD7C9 /* quotes_list.plist in Resources */,
				7FB9028C1CED543E00DAD7C9 /* arrow1.jpg in Resources */,
				7FB902861CED276900DAD7C9 /* arrows.jpg in Resources */,
				7FB2B92B1CE3EE1400E5CC73 /* LaunchScreen.storyboard in Resources */,
				7FB2B9281CE3EE1400E5CC73 /* Assets.xcassets in Resources */,
				7FB9028E1CED55B500DAD7C9 /* arrow2.jpg in Resources */,
				7FB2B9261CE3EE1400E5CC73 /* Main.storyboard in Resources */,
			);
			runOnlyForDeploymentPostprocessing = 0;
		};
/* End PBXResourcesBuildPhase section */

/* Begin PBXSourcesBuildPhase section */
		7FB2B9191CE3EE1300E5CC73 /* Sources */ = {
			isa = PBXSourcesBuildPhase;
			buildActionMask = 2147483647;
			files = (
				7FB2B9231CE3EE1400E5CC73 /* ViewController.swift in Sources */,
				7FB2B9211CE3EE1300E5CC73 /* AppDelegate.swift in Sources */,
			);
			runOnlyForDeploymentPostprocessing = 0;
		};
/* End PBXSourcesBuildPhase section */

/* Begin PBXVariantGroup section */
		7FB2B9241CE3EE1400E5CC73 /* Main.storyboard */ = {
			isa = PBXVariantGroup;
			children = (
				7FB2B9251CE3EE1400E5CC73 /* Base */,
			);
			name = Main.storyboard;
			sourceTree = "<group>";
		};
		7FB2B9291CE3EE1400E5CC73 /* LaunchScreen.storyboard */ = {
			isa = PBXVariantGroup;
			children = (
				7FB2B92A1CE3EE1400E5CC73 /* Base */,
			);
			name = LaunchScreen.storyboard;
			sourceTree = "<group>";
		};
/* End PBXVariantGroup section */

/* Begin XCBuildConfiguration section */
		7FB2B92D1CE3EE1400E5CC73 /* Debug */ = {
			isa = XCBuildConfiguration;
			buildSettings = {
				ALWAYS_SEARCH_USER_PATHS = NO;
				CLANG_ANALYZER_NONNULL = YES;
				CLANG_CXX_LANGUAGE_STANDARD = "gnu++0x";
				CLANG_CXX_LIBRARY = "libc++";
				CLANG_ENABLE_MODULES = YES;
				CLANG_ENABLE_OBJC_ARC = YES;
				CLANG_WARN_BOOL_CONVERSION = YES;
				CLANG_WARN_CONSTANT_CONVERSION = YES;
				CLANG_WARN_DIRECT_OBJC_ISA_USAGE = YES_ERROR;
				CLANG_WARN_EMPTY_BODY = YES;
				CLANG_WARN_ENUM_CONVERSION = YES;
				CLANG_WARN_INT_CONVERSION = YES;
				CLANG_WARN_OBJC_ROOT_CLASS = YES_ERROR;
				CLANG_WARN_UNREACHABLE_CODE = YES;
				CLANG_WARN__DUPLICATE_METHOD_MATCH = YES;
				"CODE_SIGN_IDENTITY[sdk=iphoneos*]" = "iPhone Developer";
				COPY_PHASE_STRIP = NO;
				DEBUG_INFORMATION_FORMAT = dwarf;
				ENABLE_STRICT_OBJC_MSGSEND = YES;
				ENABLE_TESTABILITY = YES;
				GCC_C_LANGUAGE_STANDARD = gnu99;
				GCC_DYNAMIC_NO_PIC = NO;
				GCC_NO_COMMON_BLOCKS = YES;
				GCC_OPTIMIZATION_LEVEL = 0;
				GCC_PREPROCESSOR_DEFINITIONS = (
					"DEBUG=1",
					"$(inherited)",
				);
				GCC_WARN_64_TO_32_BIT_CONVERSION = YES;
				GCC_WARN_ABOUT_RETURN_TYPE = YES_ERROR;
				GCC_WARN_UNDECLARED_SELECTOR = YES;
				GCC_WARN_UNINITIALIZED_AUTOS = YES_AGGRESSIVE;
				GCC_WARN_UNUSED_FUNCTION = YES;
				GCC_WARN_UNUSED_VARIABLE = YES;
				IPHONEOS_DEPLOYMENT_TARGET = 9.3;
				MTL_ENABLE_DEBUG_INFO = YES;
				ONLY_ACTIVE_ARCH = YES;
				SDKROOT = iphoneos;
				SWIFT_OPTIMIZATION_LEVEL = "-Onone";
			};
			name = Debug;
		};
		7FB2B92E1CE3EE1400E5CC73 /* Release */ = {
			isa = XCBuildConfiguration;
			buildSettings = {
				ALWAYS_SEARCH_USER_PATHS = NO;
				CLANG_ANALYZER_NONNULL = YES;
				CLANG_CXX_LANGUAGE_STANDARD = "gnu++0x";
				CLANG_CXX_LIBRARY = "libc++";
				CLANG_ENABLE_MODULES = YES;
				CLANG_ENABLE_OBJC_ARC = YES;
				CLANG_WARN_BOOL_CONVERSION = YES;
				CLANG_WARN_CONSTANT_CONVERSION = YES;
				CLANG_WARN_DIRECT_OBJC_ISA_USAGE = YES_ERROR;
				CLANG_WARN_EMPTY_BODY = YES;
				CLANG_WARN_ENUM_CONVERSION = YES;
				CLANG_WARN_INT_CONVERSION = YES;
				CLANG_WARN_OBJC_ROOT_CLASS = YES_ERROR;
				CLANG_WARN_UNREACHABLE_CODE = YES;
				CLANG_WARN__DUPLICATE_METHOD_MATCH = YES;
				"CODE_SIGN_IDENTITY[sdk=iphoneos*]" = "iPhone Developer";
				COPY_PHASE_STRIP = NO;
				DEBUG_INFORMATION_FORMAT = "dwarf-with-dsym";
				ENABLE_NS_ASSERTIONS = NO;
				ENABLE_STRICT_OBJC_MSGSEND = YES;
				GCC_C_LANGUAGE_STANDARD = gnu99;
				GCC_NO_COMMON_BLOCKS = YES;
				GCC_WARN_64_TO_32_BIT_CONVERSION = YES;
				GCC_WARN_ABOUT_RETURN_TYPE = YES_ERROR;
				GCC_WARN_UNDECLARED_SELECTOR = YES;
				GCC_WARN_UNINITIALIZED_AUTOS = YES_AGGRESSIVE;
				GCC_WARN_UNUSED_FUNCTION = YES;
				GCC_WARN_UNUSED_VARIABLE = YES;
				IPHONEOS_DEPLOYMENT_TARGET = 9.3;
				MTL_ENABLE_DEBUG_INFO = NO;
				SDKROOT = iphoneos;
				VALIDATE_PRODUCT = YES;
			};
			name = Release;
		};
		7FB2B9301CE3EE1400E5CC73 /* Debug */ = {
			isa = XCBuildConfiguration;
			buildSettings = {
				ASSETCATALOG_COMPILER_APPICON_NAME = AppIcon;
				CODE_SIGN_IDENTITY = "iPhone Developer";
				"CODE_SIGN_IDENTITY[sdk=iphoneos*]" = "iPhone Developer";
				INFOPLIST_FILE = WeydaEmily_TodaysQuote/Info.plist;
				LD_RUNPATH_SEARCH_PATHS = "$(inherited) @executable_path/Frameworks";
				PRODUCT_BUNDLE_IDENTIFIER = "edu.uc.cech.it.basiciPhone.WeydaEmily-TodaysQuote";
				PRODUCT_NAME = "$(TARGET_NAME)";
				PROVISIONING_PROFILE = "";
			};
			name = Debug;
		};
		7FB2B9311CE3EE1400E5CC73 /* Release */ = {
			isa = XCBuildConfiguration;
			buildSettings = {
				ASSETCATALOG_COMPILER_APPICON_NAME = AppIcon;
				CODE_SIGN_IDENTITY = "iPhone Developer";
				"CODE_SIGN_IDENTITY[sdk=iphoneos*]" = "iPhone Developer";
				INFOPLIST_FILE = WeydaEmily_TodaysQuote/Info.plist;
				LD_RUNPATH_SEARCH_PATHS = "$(inherited) @executable_path/Frameworks";
				PRODUCT_BUNDLE_IDENTIFIER = "edu.uc.cech.it.basiciPhone.WeydaEmily-TodaysQuote";
				PRODUCT_NAME = "$(TARGET_NAME)";
				PROVISIONING_PROFILE = "";
			};
			name = Release;
		};
/* End XCBuildConfiguration section */

/* Begin XCConfigurationList section */
		7FB2B9181CE3EE1300E5CC73 /* Build configuration list for PBXProject "WeydaEmily_TodaysQuote" */ = {
			isa = XCConfigurationList;
			buildConfigurations = (
				7FB2B92D1CE3EE1400E5CC73 /* Debug */,
				7FB2B92E1CE3EE1400E5CC73 /* Release */,
			);
			defaultConfigurationIsVisible = 0;
			defaultConfigurationName = Release;
		};
		7FB2B92F1CE3EE1400E5CC73 /* Build configuration list for PBXNativeTarget "WeydaEmily_TodaysQuote" */ = {
			isa = XCConfigurationList;
			buildConfigurations = (
				7FB2B9301CE3EE1400E5CC73 /* Debug */,
				7FB2B9311CE3EE1400E5CC73 /* Release */,
			);
			defaultConfigurationIsVisible = 0;
			defaultConfigurationName = Release;
		};
/* End XCConfigurationList section */
	};
	rootObject = 7FB2B9151CE3EE1300E5CC73 /* Project object */;
}
